// !$*UTF8*$!
{
	archiveVersion = 1;
	classes = {
	};
	objectVersion = 46;
	objects = {

/* Begin PBXBuildFile section */
		944130861C4C785C002768EA /* main.m in Sources */ = {isa = PBXBuildFile; fileRef = 944130851C4C785C002768EA /* main.m */; };
		944130891C4C785C002768EA /* AppDelegate.m in Sources */ = {isa = PBXBuildFile; fileRef = 944130881C4C785C002768EA /* AppDelegate.m */; };
		944130911C4C785C002768EA /* Assets.xcassets in Resources */ = {isa = PBXBuildFile; fileRef = 944130901C4C785C002768EA /* Assets.xcassets */; };
		944130941C4C785C002768EA /* LaunchScreen.storyboard in Resources */ = {isa = PBXBuildFile; fileRef = 944130921C4C785C002768EA /* LaunchScreen.storyboard */; };
		9441309F1C4C785C002768EA /* personalProjectTests.m in Sources */ = {isa = PBXBuildFile; fileRef = 9441309E1C4C785C002768EA /* personalProjectTests.m */; };
		944130AA1C4C785C002768EA /* personalProjectUITests.m in Sources */ = {isa = PBXBuildFile; fileRef = 944130A91C4C785C002768EA /* personalProjectUITests.m */; };
		944130E51C4C799F002768EA /* ViewController.m in Sources */ = {isa = PBXBuildFile; fileRef = 944130B91C4C799F002768EA /* ViewController.m */; };
		944130E61C4C799F002768EA /* MKAnnotationView+WebCache.m in Sources */ = {isa = PBXBuildFile; fileRef = 944130BD1C4C799F002768EA /* MKAnnotationView+WebCache.m */; };
		944130E71C4C799F002768EA /* NSData+ImageContentType.m in Sources */ = {isa = PBXBuildFile; fileRef = 944130BF1C4C799F002768EA /* NSData+ImageContentType.m */; };
		944130E81C4C799F002768EA /* SDImageCache.m in Sources */ = {isa = PBXBuildFile; fileRef = 944130C11C4C799F002768EA /* SDImageCache.m */; };
		944130E91C4C799F002768EA /* SDWebImageCompat.m in Sources */ = {isa = PBXBuildFile; fileRef = 944130C31C4C799F002768EA /* SDWebImageCompat.m */; };
		944130EA1C4C799F002768EA /* SDWebImageDecoder.m in Sources */ = {isa = PBXBuildFile; fileRef = 944130C51C4C799F002768EA /* SDWebImageDecoder.m */; };
		944130EB1C4C799F002768EA /* SDWebImageDownloader.m in Sources */ = {isa = PBXBuildFile; fileRef = 944130C71C4C799F002768EA /* SDWebImageDownloader.m */; };
		944130EC1C4C799F002768EA /* SDWebImageDownloaderOperation.m in Sources */ = {isa = PBXBuildFile; fileRef = 944130C91C4C799F002768EA /* SDWebImageDownloaderOperation.m */; };
		944130ED1C4C799F002768EA /* SDWebImageManager.m in Sources */ = {isa = PBXBuildFile; fileRef = 944130CB1C4C799F002768EA /* SDWebImageManager.m */; };
		944130EE1C4C799F002768EA /* SDWebImagePrefetcher.m in Sources */ = {isa = PBXBuildFile; fileRef = 944130CE1C4C799F002768EA /* SDWebImagePrefetcher.m */; };
		944130EF1C4C799F002768EA /* UIButton+WebCache.m in Sources */ = {isa = PBXBuildFile; fileRef = 944130D01C4C799F002768EA /* UIButton+WebCache.m */; };
		944130F01C4C799F002768EA /* UIImage+GIF.m in Sources */ = {isa = PBXBuildFile; fileRef = 944130D21C4C799F002768EA /* UIImage+GIF.m */; };
		944130F11C4C799F002768EA /* UIImage+MultiFormat.m in Sources */ = {isa = PBXBuildFile; fileRef = 944130D41C4C799F002768EA /* UIImage+MultiFormat.m */; };
		944130F21C4C799F002768EA /* UIImage+WebP.m in Sources */ = {isa = PBXBuildFile; fileRef = 944130D61C4C799F002768EA /* UIImage+WebP.m */; };
		944130F31C4C799F002768EA /* UIImageView+HighlightedWebCache.m in Sources */ = {isa = PBXBuildFile; fileRef = 944130D81C4C799F002768EA /* UIImageView+HighlightedWebCache.m */; };
		944130F41C4C799F002768EA /* UIImageView+WebCache.m in Sources */ = {isa = PBXBuildFile; fileRef = 944130DA1C4C799F002768EA /* UIImageView+WebCache.m */; };
		944130F51C4C799F002768EA /* UIView+WebCacheOperation.m in Sources */ = {isa = PBXBuildFile; fileRef = 944130DC1C4C799F002768EA /* UIView+WebCacheOperation.m */; };
		944130F61C4C799F002768EA /* ImageModel.m in Sources */ = {isa = PBXBuildFile; fileRef = 944130DF1C4C799F002768EA /* ImageModel.m */; };
		944130F71C4C799F002768EA /* MultiPictureLayoutCell.m in Sources */ = {isa = PBXBuildFile; fileRef = 944130E21C4C799F002768EA /* MultiPictureLayoutCell.m */; };
		944130F81C4C799F002768EA /* MultiPictureLayoutView.m in Sources */ = {isa = PBXBuildFile; fileRef = 944130E41C4C799F002768EA /* MultiPictureLayoutView.m */; };
/* End PBXBuildFile section */

/* Begin PBXContainerItemProxy section */
		9441309B1C4C785C002768EA /* PBXContainerItemProxy */ = {
			isa = PBXContainerItemProxy;
			containerPortal = 944130791C4C785C002768EA /* Project object */;
			proxyType = 1;
			remoteGlobalIDString = 944130801C4C785C002768EA;
			remoteInfo = personalProject;
		};
		944130A61C4C785C002768EA /* PBXContainerItemProxy */ = {
			isa = PBXContainerItemProxy;
			containerPortal = 944130791C4C785C002768EA /* Project object */;
			proxyType = 1;
			remoteGlobalIDString = 944130801C4C785C002768EA;
			remoteInfo = personalProject;
		};
/* End PBXContainerItemProxy section */

/* Begin PBXFileReference section */
		944130811C4C785C002768EA /* personalProject.app */ = {isa = PBXFileReference; explicitFileType = wrapper.application; includeInIndex = 0; path = personalProject.app; sourceTree = BUILT_PRODUCTS_DIR; };
		944130851C4C785C002768EA /* main.m */ = {isa = PBXFileReference; lastKnownFileType = sourcecode.c.objc; path = main.m; sourceTree = "<group>"; };
		944130871C4C785C002768EA /* AppDelegate.h */ = {isa = PBXFileReference; lastKnownFileType = sourcecode.c.h; path = AppDelegate.h; sourceTree = "<group>"; };
		944130881C4C785C002768EA /* AppDelegate.m */ = {isa = PBXFileReference; lastKnownFileType = sourcecode.c.objc; path = AppDelegate.m; sourceTree = "<group>"; };
		944130901C4C785C002768EA /* Assets.xcassets */ = {isa = PBXFileReference; lastKnownFileType = folder.assetcatalog; path = Assets.xcassets; sourceTree = "<group>"; };
		944130931C4C785C002768EA /* Base */ = {isa = PBXFileReference; lastKnownFileType = file.storyboard; name = Base; path = Base.lproj/LaunchScreen.storyboard; sourceTree = "<group>"; };
		944130951C4C785C002768EA /* Info.plist */ = {isa = PBXFileReference; lastKnownFileType = text.plist.xml; path = Info.plist; sourceTree = "<group>"; };
		9441309A1C4C785C002768EA /* personalProjectTests.xctest */ = {isa = PBXFileReference; explicitFileType = wrapper.cfbundle; includeInIndex = 0; path = personalProjectTests.xctest; sourceTree = BUILT_PRODUCTS_DIR; };
		9441309E1C4C785C002768EA /* personalProjectTests.m */ = {isa = PBXFileReference; lastKnownFileType = sourcecode.c.objc; path = personalProjectTests.m; sourceTree = "<group>"; };
		944130A01C4C785C002768EA /* Info.plist */ = {isa = PBXFileReference; lastKnownFileType = text.plist.xml; path = Info.plist; sourceTree = "<group>"; };
		944130A51C4C785C002768EA /* personalProjectUITests.xctest */ = {isa = PBXFileReference; explicitFileType = wrapper.cfbundle; includeInIndex = 0; path = personalProjectUITests.xctest; sourceTree = BUILT_PRODUCTS_DIR; };
		944130A91C4C785C002768EA /* personalProjectUITests.m */ = {isa = PBXFileReference; lastKnownFileType = sourcecode.c.objc; path = personalProjectUITests.m; sourceTree = "<group>"; };
		944130AB1C4C785C002768EA /* Info.plist */ = {isa = PBXFileReference; lastKnownFileType = text.plist.xml; path = Info.plist; sourceTree = "<group>"; };
		944130B81C4C799F002768EA /* ViewController.h */ = {isa = PBXFileReference; fileEncoding = 4; lastKnownFileType = sourcecode.c.h; path = ViewController.h; sourceTree = "<group>"; };
		944130B91C4C799F002768EA /* ViewController.m */ = {isa = PBXFileReference; fileEncoding = 4; lastKnownFileType = sourcecode.c.objc; path = ViewController.m; sourceTree = "<group>"; };
		944130BC1C4C799F002768EA /* MKAnnotationView+WebCache.h */ = {isa = PBXFileReference; fileEncoding = 4; lastKnownFileType = sourcecode.c.h; path = "MKAnnotationView+WebCache.h"; sourceTree = "<group>"; };
		944130BD1C4C799F002768EA /* MKAnnotationView+WebCache.m */ = {isa = PBXFileReference; fileEncoding = 4; lastKnownFileType = sourcecode.c.objc; path = "MKAnnotationView+WebCache.m"; sourceTree = "<group>"; };
		944130BE1C4C799F002768EA /* NSData+ImageContentType.h */ = {isa = PBXFileReference; fileEncoding = 4; lastKnownFileType = sourcecode.c.h; path = "NSData+ImageContentType.h"; sourceTree = "<group>"; };
		944130BF1C4C799F002768EA /* NSData+ImageContentType.m */ = {isa = PBXFileReference; fileEncoding = 4; lastKnownFileType = sourcecode.c.objc; path = "NSData+ImageContentType.m"; sourceTree = "<group>"; };
		944130C01C4C799F002768EA /* SDImageCache.h */ = {isa = PBXFileReference; fileEncoding = 4; lastKnownFileType = sourcecode.c.h; path = SDImageCache.h; sourceTree = "<group>"; };
		944130C11C4C799F002768EA /* SDImageCache.m */ = {isa = PBXFileReference; fileEncoding = 4; lastKnownFileType = sourcecode.c.objc; path = SDImageCache.m; sourceTree = "<group>"; };
		944130C21C4C799F002768EA /* SDWebImageCompat.h */ = {isa = PBXFileReference; fileEncoding = 4; lastKnownFileType = sourcecode.c.h; path = SDWebImageCompat.h; sourceTree = "<group>"; };
		944130C31C4C799F002768EA /* SDWebImageCompat.m */ = {isa = PBXFileReference; fileEncoding = 4; lastKnownFileType = sourcecode.c.objc; path = SDWebImageCompat.m; sourceTree = "<group>"; };
		944130C41C4C799F002768EA /* SDWebImageDecoder.h */ = {isa = PBXFileReference; fileEncoding = 4; lastKnownFileType = sourcecode.c.h; path = SDWebImageDecoder.h; sourceTree = "<group>"; };
		944130C51C4C799F002768EA /* SDWebImageDecoder.m */ = {isa = PBXFileReference; fileEncoding = 4; lastKnownFileType = sourcecode.c.objc; path = SDWebImageDecoder.m; sourceTree = "<group>"; };
		944130C61C4C799F002768EA /* SDWebImageDownloader.h */ = {isa = PBXFileReference; fileEncoding = 4; lastKnownFileType = sourcecode.c.h; path = SDWebImageDownloader.h; sourceTree = "<group>"; };
		944130C71C4C799F002768EA /* SDWebImageDownloader.m */ = {isa = PBXFileReference; fileEncoding = 4; lastKnownFileType = sourcecode.c.objc; path = SDWebImageDownloader.m; sourceTree = "<group>"; };
		944130C81C4C799F002768EA /* SDWebImageDownloaderOperation.h */ = {isa = PBXFileReference; fileEncoding = 4; lastKnownFileType = sourcecode.c.h; path = SDWebImageDownloaderOperation.h; sourceTree = "<group>"; };
		944130C91C4C799F002768EA /* SDWebImageDownloaderOperation.m */ = {isa = PBXFileReference; fileEncoding = 4; lastKnownFileType = sourcecode.c.objc; path = SDWebImageDownloaderOperation.m; sourceTree = "<group>"; };
		944130CA1C4C799F002768EA /* SDWebImageManager.h */ = {isa = PBXFileReference; fileEncoding = 4; lastKnownFileType = sourcecode.c.h; path = SDWebImageManager.h; sourceTree = "<group>"; };
		944130CB1C4C799F002768EA /* SDWebImageManager.m */ = {isa = PBXFileReference; fileEncoding = 4; lastKnownFileType = sourcecode.c.objc; path = SDWebImageManager.m; sourceTree = "<group>"; };
		944130CC1C4C799F002768EA /* SDWebImageOperation.h */ = {isa = PBXFileReference; fileEncoding = 4; lastKnownFileType = sourcecode.c.h; path = SDWebImageOperation.h; sourceTree = "<group>"; };
		944130CD1C4C799F002768EA /* SDWebImagePrefetcher.h */ = {isa = PBXFileReference; fileEncoding = 4; lastKnownFileType = sourcecode.c.h; path = SDWebImagePrefetcher.h; sourceTree = "<group>"; };
		944130CE1C4C799F002768EA /* SDWebImagePrefetcher.m */ = {isa = PBXFileReference; fileEncoding = 4; lastKnownFileType = sourcecode.c.objc; path = SDWebImagePrefetcher.m; sourceTree = "<group>"; };
		944130CF1C4C799F002768EA /* UIButton+WebCache.h */ = {isa = PBXFileReference; fileEncoding = 4; lastKnownFileType = sourcecode.c.h; path = "UIButton+WebCache.h"; sourceTree = "<group>"; };
		944130D01C4C799F002768EA /* UIButton+WebCache.m */ = {isa = PBXFileReference; fileEncoding = 4; lastKnownFileType = sourcecode.c.objc; path = "UIButton+WebCache.m"; sourceTree = "<group>"; };
		944130D11C4C799F002768EA /* UIImage+GIF.h */ = {isa = PBXFileReference; fileEncoding = 4; lastKnownFileType = sourcecode.c.h; path = "UIImage+GIF.h"; sourceTree = "<group>"; };
		944130D21C4C799F002768EA /* UIImage+GIF.m */ = {isa = PBXFileReference; fileEncoding = 4; lastKnownFileType = sourcecode.c.objc; path = "UIImage+GIF.m"; sourceTree = "<group>"; };
		944130D31C4C799F002768EA /* UIImage+MultiFormat.h */ = {isa = PBXFileReference; fileEncoding = 4; lastKnownFileType = sourcecode.c.h; path = "UIImage+MultiFormat.h"; sourceTree = "<group>"; };
		944130D41C4C799F002768EA /* UIImage+MultiFormat.m */ = {isa = PBXFileReference; fileEncoding = 4; lastKnownFileType = sourcecode.c.objc; path = "UIImage+MultiFormat.m"; sourceTree = "<group>"; };
		944130D51C4C799F002768EA /* UIImage+WebP.h */ = {isa = PBXFileReference; fileEncoding = 4; lastKnownFileType = sourcecode.c.h; path = "UIImage+WebP.h"; sourceTree = "<group>"; };
		944130D61C4C799F002768EA /* UIImage+WebP.m */ = {isa = PBXFileReference; fileEncoding = 4; lastKnownFileType = sourcecode.c.objc; path = "UIImage+WebP.m"; sourceTree = "<group>"; };
		944130D71C4C799F002768EA /* UIImageView+HighlightedWebCache.h */ = {isa = PBXFileReference; fileEncoding = 4; lastKnownFileType = sourcecode.c.h; path = "UIImageView+HighlightedWebCache.h"; sourceTree = "<group>"; };
		944130D81C4C799F002768EA /* UIImageView+HighlightedWebCache.m */ = {isa = PBXFileReference; fileEncoding = 4; lastKnownFileType = sourcecode.c.objc; path = "UIImageView+HighlightedWebCache.m"; sourceTree = "<group>"; };
		944130D91C4C799F002768EA /* UIImageView+WebCache.h */ = {isa = PBXFileReference; fileEncoding = 4; lastKnownFileType = sourcecode.c.h; path = "UIImageView+WebCache.h"; sourceTree = "<group>"; };
		944130DA1C4C799F002768EA /* UIImageView+WebCache.m */ = {isa = PBXFileReference; fileEncoding = 4; lastKnownFileType = sourcecode.c.objc; path = "UIImageView+WebCache.m"; sourceTree = "<group>"; };
		944130DB1C4C799F002768EA /* UIView+WebCacheOperation.h */ = {isa = PBXFileReference; fileEncoding = 4; lastKnownFileType = sourcecode.c.h; path = "UIView+WebCacheOperation.h"; sourceTree = "<group>"; };
		944130DC1C4C799F002768EA /* UIView+WebCacheOperation.m */ = {isa = PBXFileReference; fileEncoding = 4; lastKnownFileType = sourcecode.c.objc; path = "UIView+WebCacheOperation.m"; sourceTree = "<group>"; };
		944130DE1C4C799F002768EA /* ImageModel.h */ = {isa = PBXFileReference; fileEncoding = 4; lastKnownFileType = sourcecode.c.h; path = ImageModel.h; sourceTree = "<group>"; };
		944130DF1C4C799F002768EA /* ImageModel.m */ = {isa = PBXFileReference; fileEncoding = 4; lastKnownFileType = sourcecode.c.objc; path = ImageModel.m; sourceTree = "<group>"; };
		944130E11C4C799F002768EA /* MultiPictureLayoutCell.h */ = {isa = PBXFileReference; fileEncoding = 4; lastKnownFileType = sourcecode.c.h; path = MultiPictureLayoutCell.h; sourceTree = "<group>"; };
		944130E21C4C799F002768EA /* MultiPictureLayoutCell.m */ = {isa = PBXFileReference; fileEncoding = 4; lastKnownFileType = sourcecode.c.objc; path = MultiPictureLayoutCell.m; sourceTree = "<group>"; };
		944130E31C4C799F002768EA /* MultiPictureLayoutView.h */ = {isa = PBXFileReference; fileEncoding = 4; lastKnownFileType = sourcecode.c.h; path = MultiPictureLayoutView.h; sourceTree = "<group>"; };
		944130E41C4C799F002768EA /* MultiPictureLayoutView.m */ = {isa = PBXFileReference; fileEncoding = 4; lastKnownFileType = sourcecode.c.objc; path = MultiPictureLayoutView.m; sourceTree = "<group>"; };
/* End PBXFileReference section */

/* Begin PBXFrameworksBuildPhase section */
		9441307E1C4C785C002768EA /* Frameworks */ = {
			isa = PBXFrameworksBuildPhase;
			buildActionMask = 2147483647;
			files = (
			);
			runOnlyForDeploymentPostprocessing = 0;
		};
		944130971C4C785C002768EA /* Frameworks */ = {
			isa = PBXFrameworksBuildPhase;
			buildActionMask = 2147483647;
			files = (
			);
			runOnlyForDeploymentPostprocessing = 0;
		};
		944130A21C4C785C002768EA /* Frameworks */ = {
			isa = PBXFrameworksBuildPhase;
			buildActionMask = 2147483647;
			files = (
			);
			runOnlyForDeploymentPostprocessing = 0;
		};
/* End PBXFrameworksBuildPhase section */

/* Begin PBXGroup section */
		944130781C4C785C002768EA = {
			isa = PBXGroup;
			children = (
				944130831C4C785C002768EA /* personalProject */,
				9441309D1C4C785C002768EA /* personalProjectTests */,
				944130A81C4C785C002768EA /* personalProjectUITests */,
				944130821C4C785C002768EA /* Products */,
			);
			sourceTree = "<group>";
		};
		944130821C4C785C002768EA /* Products */ = {
			isa = PBXGroup;
			children = (
				944130811C4C785C002768EA /* personalProject.app */,
				9441309A1C4C785C002768EA /* personalProjectTests.xctest */,
				944130A51C4C785C002768EA /* personalProjectUITests.xctest */,
			);
			name = Products;
			sourceTree = "<group>";
		};
		944130831C4C785C002768EA /* personalProject */ = {
			isa = PBXGroup;
			children = (
				944130B71C4C799F002768EA /* Controller */,
				944130BA1C4C799F002768EA /* Lib */,
				944130DD1C4C799F002768EA /* Model */,
				944130E01C4C799F002768EA /* View */,
				944130871C4C785C002768EA /* AppDelegate.h */,
				944130881C4C785C002768EA /* AppDelegate.m */,
				944130841C4C785C002768EA /* Supporting Files */,
			);
			path = personalProject;
			sourceTree = "<group>";
		};
		944130841C4C785C002768EA /* Supporting Files */ = {
			isa = PBXGroup;
			children = (
				944130901C4C785C002768EA /* Assets.xcassets */,
				944130921C4C785C002768EA /* LaunchScreen.storyboard */,
				944130951C4C785C002768EA /* Info.plist */,
				944130851C4C785C002768EA /* main.m */,
			);
			name = "Supporting Files";
			sourceTree = "<group>";
		};
		9441309D1C4C785C002768EA /* personalProjectTests */ = {
			isa = PBXGroup;
			children = (
				9441309E1C4C785C002768EA /* personalProjectTests.m */,
				944130A01C4C785C002768EA /* Info.plist */,
			);
			path = personalProjectTests;
			sourceTree = "<group>";
		};
		944130A81C4C785C002768EA /* personalProjectUITests */ = {
			isa = PBXGroup;
			children = (
				944130A91C4C785C002768EA /* personalProjectUITests.m */,
				944130AB1C4C785C002768EA /* Info.plist */,
			);
			path = personalProjectUITests;
			sourceTree = "<group>";
		};
		944130B71C4C799F002768EA /* Controller */ = {
			isa = PBXGroup;
			children = (
				944130B81C4C799F002768EA /* ViewController.h */,
				944130B91C4C799F002768EA /* ViewController.m */,
			);
			path = Controller;
			sourceTree = "<group>";
		};
		944130BA1C4C799F002768EA /* Lib */ = {
			isa = PBXGroup;
			children = (
				944130BB1C4C799F002768EA /* SDWebImage */,
			);
			path = Lib;
			sourceTree = "<group>";
		};
		944130BB1C4C799F002768EA /* SDWebImage */ = {
			isa = PBXGroup;
			children = (
				944130BC1C4C799F002768EA /* MKAnnotationView+WebCache.h */,
				944130BD1C4C799F002768EA /* MKAnnotationView+WebCache.m */,
				944130BE1C4C799F002768EA /* NSData+ImageContentType.h */,
				944130BF1C4C799F002768EA /* NSData+ImageContentType.m */,
				944130C01C4C799F002768EA /* SDImageCache.h */,
				944130C11C4C799F002768EA /* SDImageCache.m */,
				944130C21C4C799F002768EA /* SDWebImageCompat.h */,
				944130C31C4C799F002768EA /* SDWebImageCompat.m */,
				944130C41C4C799F002768EA /* SDWebImageDecoder.h */,
				944130C51C4C799F002768EA /* SDWebImageDecoder.m */,
				944130C61C4C799F002768EA /* SDWebImageDownloader.h */,
				944130C71C4C799F002768EA /* SDWebImageDownloader.m */,
				944130C81C4C799F002768EA /* SDWebImageDownloaderOperation.h */,
				944130C91C4C799F002768EA /* SDWebImageDownloaderOperation.m */,
				944130CA1C4C799F002768EA /* SDWebImageManager.h */,
				944130CB1C4C799F002768EA /* SDWebImageManager.m */,
				944130CC1C4C799F002768EA /* SDWebImageOperation.h */,
				944130CD1C4C799F002768EA /* SDWebImagePrefetcher.h */,
				944130CE1C4C799F002768EA /* SDWebImagePrefetcher.m */,
				944130CF1C4C799F002768EA /* UIButton+WebCache.h */,
				944130D01C4C799F002768EA /* UIButton+WebCache.m */,
				944130D11C4C799F002768EA /* UIImage+GIF.h */,
				944130D21C4C799F002768EA /* UIImage+GIF.m */,
				944130D31C4C799F002768EA /* UIImage+MultiFormat.h */,
				944130D41C4C799F002768EA /* UIImage+MultiFormat.m */,
				944130D51C4C799F002768EA /* UIImage+WebP.h */,
				944130D61C4C799F002768EA /* UIImage+WebP.m */,
				944130D71C4C799F002768EA /* UIImageView+HighlightedWebCache.h */,
				944130D81C4C799F002768EA /* UIImageView+HighlightedWebCache.m */,
				944130D91C4C799F002768EA /* UIImageView+WebCache.h */,
				944130DA1C4C799F002768EA /* UIImageView+WebCache.m */,
				944130DB1C4C799F002768EA /* UIView+WebCacheOperation.h */,
				944130DC1C4C799F002768EA /* UIView+WebCacheOperation.m */,
			);
			path = SDWebImage;
			sourceTree = "<group>";
		};
		944130DD1C4C799F002768EA /* Model */ = {
			isa = PBXGroup;
			children = (
				944130DE1C4C799F002768EA /* ImageModel.h */,
				944130DF1C4C799F002768EA /* ImageModel.m */,
			);
			path = Model;
			sourceTree = "<group>";
		};
		944130E01C4C799F002768EA /* View */ = {
			isa = PBXGroup;
			children = (
				944130E11C4C799F002768EA /* MultiPictureLayoutCell.h */,
				944130E21C4C799F002768EA /* MultiPictureLayoutCell.m */,
				944130E31C4C799F002768EA /* MultiPictureLayoutView.h */,
				944130E41C4C799F002768EA /* MultiPictureLayoutView.m */,
			);
			path = View;
			sourceTree = "<group>";
		};
/* End PBXGroup section */

/* Begin PBXNativeTarget section */
		944130801C4C785C002768EA /* personalProject */ = {
			isa = PBXNativeTarget;
			buildConfigurationList = 944130AE1C4C785C002768EA /* Build configuration list for PBXNativeTarget "personalProject" */;
			buildPhases = (
				9441307D1C4C785C002768EA /* Sources */,
				9441307E1C4C785C002768EA /* Frameworks */,
				9441307F1C4C785C002768EA /* Resources */,
			);
			buildRules = (
			);
			dependencies = (
			);
			name = personalProject;
			productName = personalProject;
			productReference = 944130811C4C785C002768EA /* personalProject.app */;
			productType = "com.apple.product-type.application";
		};
		944130991C4C785C002768EA /* personalProjectTests */ = {
			isa = PBXNativeTarget;
			buildConfigurationList = 944130B11C4C785C002768EA /* Build configuration list for PBXNativeTarget "personalProjectTests" */;
			buildPhases = (
				944130961C4C785C002768EA /* Sources */,
				944130971C4C785C002768EA /* Frameworks */,
				944130981C4C785C002768EA /* Resources */,
			);
			buildRules = (
			);
			dependencies = (
				9441309C1C4C785C002768EA /* PBXTargetDependency */,
			);
			name = personalProjectTests;
			productName = personalProjectTests;
			productReference = 9441309A1C4C785C002768EA /* personalProjectTests.xctest */;
			productType = "com.apple.product-type.bundle.unit-test";
		};
		944130A41C4C785C002768EA /* personalProjectUITests */ = {
			isa = PBXNativeTarget;
			buildConfigurationList = 944130B41C4C785C002768EA /* Build configuration list for PBXNativeTarget "personalProjectUITests" */;
			buildPhases = (
				944130A11C4C785C002768EA /* Sources */,
				944130A21C4C785C002768EA /* Frameworks */,
				944130A31C4C785C002768EA /* Resources */,
			);
			buildRules = (
			);
			dependencies = (
				944130A71C4C785C002768EA /* PBXTargetDependency */,
			);
			name = personalProjectUITests;
			productName = personalProjectUITests;
			productReference = 944130A51C4C785C002768EA /* personalProjectUITests.xctest */;
			productType = "com.apple.product-type.bundle.ui-testing";
		};
/* End PBXNativeTarget section */

/* Begin PBXProject section */
		944130791C4C785C002768EA /* Project object */ = {
			isa = PBXProject;
			attributes = {
				LastUpgradeCheck = 0720;
				ORGANIZATIONNAME = ios_zhu;
				TargetAttributes = {
					944130801C4C785C002768EA = {
						CreatedOnToolsVersion = 7.2;
					};
					944130991C4C785C002768EA = {
						CreatedOnToolsVersion = 7.2;
						TestTargetID = 944130801C4C785C002768EA;
					};
					944130A41C4C785C002768EA = {
						CreatedOnToolsVersion = 7.2;
						TestTargetID = 944130801C4C785C002768EA;
					};
				};
			};
			buildConfigurationList = 9441307C1C4C785C002768EA /* Build configuration list for PBXProject "personalProject" */;
			compatibilityVersion = "Xcode 3.2";
			developmentRegion = English;
			hasScannedForEncodings = 0;
			knownRegions = (
				en,
				Base,
			);
			mainGroup = 944130781C4C785C002768EA;
			productRefGroup = 944130821C4C785C002768EA /* Products */;
			projectDirPath = "";
			projectRoot = "";
			targets = (
				944130801C4C785C002768EA /* personalProject */,
				944130991C4C785C002768EA /* personalProjectTests */,
				944130A41C4C785C002768EA /* personalProjectUITests */,
			);
		};
/* End PBXProject section */

/* Begin PBXResourcesBuildPhase section */
		9441307F1C4C785C002768EA /* Resources */ = {
			isa = PBXResourcesBuildPhase;
			buildActionMask = 2147483647;
			files = (
				944130941C4C785C002768EA /* LaunchScreen.storyboard in Resources */,
				944130911C4C785C002768EA /* Assets.xcassets in Resources */,
			);
			runOnlyForDeploymentPostprocessing = 0;
		};
		944130981C4C785C002768EA /* Resources */ = {
			isa = PBXResourcesBuildPhase;
			buildActionMask = 2147483647;
			files = (
			);
			runOnlyForDeploymentPostprocessing = 0;
		};
		944130A31C4C785C002768EA /* Resources */ = {
			isa = PBXResourcesBuildPhase;
			buildActionMask = 2147483647;
			files = (
			);
			runOnlyForDeploymentPostprocessing = 0;
		};
/* End PBXResourcesBuildPhase section */

/* Begin PBXSourcesBuildPhase section */
		9441307D1C4C785C002768EA /* Sources */ = {
			isa = PBXSourcesBuildPhase;
			buildActionMask = 2147483647;
			files = (
				944130F31C4C799F002768EA /* UIImageView+HighlightedWebCache.m in Sources */,
				944130F81C4C799F002768EA /* MultiPictureLayoutView.m in Sources */,
				944130F71C4C799F002768EA /* MultiPictureLayoutCell.m in Sources */,
				944130E71C4C799F002768EA /* NSData+ImageContentType.m in Sources */,
				944130ED1C4C799F002768EA /* SDWebImageManager.m in Sources */,
				944130EB1C4C799F002768EA /* SDWebImageDownloader.m in Sources */,
				944130F21C4C799F002768EA /* UIImage+WebP.m in Sources */,
				944130F51C4C799F002768EA /* UIView+WebCacheOperation.m in Sources */,
				944130E81C4C799F002768EA /* SDImageCache.m in Sources */,
				944130E51C4C799F002768EA /* ViewController.m in Sources */,
				944130E61C4C799F002768EA /* MKAnnotationView+WebCache.m in Sources */,
				944130EA1C4C799F002768EA /* SDWebImageDecoder.m in Sources */,
				944130F11C4C799F002768EA /* UIImage+MultiFormat.m in Sources */,
				944130EC1C4C799F002768EA /* SDWebImageDownloaderOperation.m in Sources */,
				944130891C4C785C002768EA /* AppDelegate.m in Sources */,
				944130EF1C4C799F002768EA /* UIButton+WebCache.m in Sources */,
				944130EE1C4C799F002768EA /* SDWebImagePrefetcher.m in Sources */,
				944130F61C4C799F002768EA /* ImageModel.m in Sources */,
				944130F41C4C799F002768EA /* UIImageView+WebCache.m in Sources */,
				944130E91C4C799F002768EA /* SDWebImageCompat.m in Sources */,
				944130F01C4C799F002768EA /* UIImage+GIF.m in Sources */,
				944130861C4C785C002768EA /* main.m in Sources */,
			);
			runOnlyForDeploymentPostprocessing = 0;
		};
		944130961C4C785C002768EA /* Sources */ = {
			isa = PBXSourcesBuildPhase;
			buildActionMask = 2147483647;
			files = (
				9441309F1C4C785C002768EA /* personalProjectTests.m in Sources */,
			);
			runOnlyForDeploymentPostprocessing = 0;
		};
		944130A11C4C785C002768EA /* Sources */ = {
			isa = PBXSourcesBuildPhase;
			buildActionMask = 2147483647;
			files = (
				944130AA1C4C785C002768EA /* personalProjectUITests.m in Sources */,
			);
			runOnlyForDeploymentPostprocessing = 0;
		};
/* End PBXSourcesBuildPhase section */

/* Begin PBXTargetDependency section */
		9441309C1C4C785C002768EA /* PBXTargetDependency */ = {
			isa = PBXTargetDependency;
			target = 944130801C4C785C002768EA /* personalProject */;
			targetProxy = 9441309B1C4C785C002768EA /* PBXContainerItemProxy */;
		};
		944130A71C4C785C002768EA /* PBXTargetDependency */ = {
			isa = PBXTargetDependency;
			target = 944130801C4C785C002768EA /* personalProject */;
			targetProxy = 944130A61C4C785C002768EA /* PBXContainerItemProxy */;
		};
/* End PBXTargetDependency section */

/* Begin PBXVariantGroup section */
		944130921C4C785C002768EA /* LaunchScreen.storyboard */ = {
			isa = PBXVariantGroup;
			children = (
				944130931C4C785C002768EA /* Base */,
			);
			name = LaunchScreen.storyboard;
			sourceTree = "<group>";
		};
/* End PBXVariantGroup section */

/* Begin XCBuildConfiguration section */
		944130AC1C4C785C002768EA /* Debug */ = {
			isa = XCBuildConfiguration;
			buildSettings = {
				ALWAYS_SEARCH_USER_PATHS = NO;
				CLANG_CXX_LANGUAGE_STANDARD = "gnu++0x";
				CLANG_CXX_LIBRARY = "libc++";
				CLANG_ENABLE_MODULES = YES;
				CLANG_ENABLE_OBJC_ARC = YES;
				CLANG_WARN_BOOL_CONVERSION = YES;
				CLANG_WARN_CONSTANT_CONVERSION = YES;
				CLANG_WARN_DIRECT_OBJC_ISA_USAGE = YES_ERROR;
				CLANG_WARN_EMPTY_BODY = YES;
				CLANG_WARN_ENUM_CONVERSION = YES;
				CLANG_WARN_INT_CONVERSION = YES;
				CLANG_WARN_OBJC_ROOT_CLASS = YES_ERROR;
				CLANG_WARN_UNREACHABLE_CODE = YES;
				CLANG_WARN__DUPLICATE_METHOD_MATCH = YES;
				"CODE_SIGN_IDENTITY[sdk=iphoneos*]" = "iPhone Developer";
				COPY_PHASE_STRIP = NO;
				DEBUG_INFORMATION_FORMAT = dwarf;
				ENABLE_STRICT_OBJC_MSGSEND = YES;
				ENABLE_TESTABILITY = YES;
				GCC_C_LANGUAGE_STANDARD = gnu99;
				GCC_DYNAMIC_NO_PIC = NO;
				GCC_NO_COMMON_BLOCKS = YES;
				GCC_OPTIMIZATION_LEVEL = 0;
				GCC_PREPROCESSOR_DEFINITIONS = (
					"DEBUG=1",
					"$(inherited)",
				);
				GCC_WARN_64_TO_32_BIT_CONVERSION = YES;
				GCC_WARN_ABOUT_RETURN_TYPE = YES_ERROR;
				GCC_WARN_UNDECLARED_SELECTOR = YES;
				GCC_WARN_UNINITIALIZED_AUTOS = YES_AGGRESSIVE;
				GCC_WARN_UNUSED_FUNCTION = YES;
				GCC_WARN_UNUSED_VARIABLE = YES;
				IPHONEOS_DEPLOYMENT_TARGET = 9.2;
				MTL_ENABLE_DEBUG_INFO = YES;
				ONLY_ACTIVE_ARCH = YES;
				SDKROOT = iphoneos;
				TARGETED_DEVICE_FAMILY = "1,2";
			};
			name = Debug;
		};
		944130AD1C4C785C002768EA /* Release */ = {
			isa = XCBuildConfiguration;
			buildSettings = {
				ALWAYS_SEARCH_USER_PATHS = NO;
				CLANG_CXX_LANGUAGE_STANDARD = "gnu++0x";
				CLANG_CXX_LIBRARY = "libc++";
				CLANG_ENABLE_MODULES = YES;
				CLANG_ENABLE_OBJC_ARC = YES;
				CLANG_WARN_BOOL_CONVERSION = YES;
				CLANG_WARN_CONSTANT_CONVERSION = YES;
				CLANG_WARN_DIRECT_OBJC_ISA_USAGE = YES_ERROR;
				CLANG_WARN_EMPTY_BODY = YES;
				CLANG_WARN_ENUM_CONVERSION = YES;
				CLANG_WARN_INT_CONVERSION = YES;
				CLANG_WARN_OBJC_ROOT_CLASS = YES_ERROR;
				CLANG_WARN_UNREACHABLE_CODE = YES;
				CLANG_WARN__DUPLICATE_METHOD_MATCH = YES;
				"CODE_SIGN_IDENTITY[sdk=iphoneos*]" = "iPhone Developer";
				COPY_PHASE_STRIP = NO;
				DEBUG_INFORMATION_FORMAT = "dwarf-with-dsym";
				ENABLE_NS_ASSERTIONS = NO;
				ENABLE_STRICT_OBJC_MSGSEND = YES;
				GCC_C_LANGUAGE_STANDARD = gnu99;
				GCC_NO_COMMON_BLOCKS = YES;
				GCC_WARN_64_TO_32_BIT_CONVERSION = YES;
				GCC_WARN_ABOUT_RETURN_TYPE = YES_ERROR;
				GCC_WARN_UNDECLARED_SELECTOR = YES;
				GCC_WARN_UNINITIALIZED_AUTOS = YES_AGGRESSIVE;
				GCC_WARN_UNUSED_FUNCTION = YES;
				GCC_WARN_UNUSED_VARIABLE = YES;
				IPHONEOS_DEPLOYMENT_TARGET = 9.2;
				MTL_ENABLE_DEBUG_INFO = NO;
				SDKROOT = iphoneos;
				TARGETED_DEVICE_FAMILY = "1,2";
				VALIDATE_PRODUCT = YES;
			};
			name = Release;
		};
		944130AF1C4C785C002768EA /* Debug */ = {
			isa = XCBuildConfiguration;
			buildSettings = {
				ASSETCATALOG_COMPILER_APPICON_NAME = AppIcon;
				INFOPLIST_FILE = personalProject/Info.plist;
				LD_RUNPATH_SEARCH_PATHS = "$(inherited) @executable_path/Frameworks";
				PRODUCT_BUNDLE_IDENTIFIER = com.unnoo.demo.personalProject;
				PRODUCT_NAME = "$(TARGET_NAME)";
			};
			name = Debug;
		};
		944130B01C4C785C002768EA /* Release */ = {
			isa = XCBuildConfiguration;
			buildSettings = {
				ASSETCATALOG_COMPILER_APPICON_NAME = AppIcon;
				INFOPLIST_FILE = personalProject/Info.plist;
				LD_RUNPATH_SEARCH_PATHS = "$(inherited) @executable_path/Frameworks";
				PRODUCT_BUNDLE_IDENTIFIER = com.unnoo.demo.personalProject;
				PRODUCT_NAME = "$(TARGET_NAME)";
			};
			name = Release;
		};
		944130B21C4C785C002768EA /* Debug */ = {
			isa = XCBuildConfiguration;
			buildSettings = {
				BUNDLE_LOADER = "$(TEST_HOST)";
				INFOPLIST_FILE = personalProjectTests/Info.plist;
				LD_RUNPATH_SEARCH_PATHS = "$(inherited) @executable_path/Frameworks @loader_path/Frameworks";
				PRODUCT_BUNDLE_IDENTIFIER = com.unnoo.demo.personalProjectTests;
				PRODUCT_NAME = "$(TARGET_NAME)";
				TEST_HOST = "$(BUILT_PRODUCTS_DIR)/personalProject.app/personalProject";
			};
			name = Debug;
		};
		944130B31C4C785C002768EA /* Release */ = {
			isa = XCBuildConfiguration;
			buildSettings = {
				BUNDLE_LOADER = "$(TEST_HOST)";
				INFOPLIST_FILE = personalProjectTests/Info.plist;
				LD_RUNPATH_SEARCH_PATHS = "$(inherited) @executable_path/Frameworks @loader_path/Frameworks";
				PRODUCT_BUNDLE_IDENTIFIER = com.unnoo.demo.personalProjectTests;
				PRODUCT_NAME = "$(TARGET_NAME)";
				TEST_HOST = "$(BUILT_PRODUCTS_DIR)/personalProject.app/personalProject";
			};
			name = Release;
		};
		944130B51C4C785C002768EA /* Debug */ = {
			isa = XCBuildConfiguration;
			buildSettings = {
				INFOPLIST_FILE = personalProjectUITests/Info.plist;
				LD_RUNPATH_SEARCH_PATHS = "$(inherited) @executable_path/Frameworks @loader_path/Frameworks";
				PRODUCT_BUNDLE_IDENTIFIER = com.unnoo.demo.personalProjectUITests;
				PRODUCT_NAME = "$(TARGET_NAME)";
				TEST_TARGET_NAME = personalProject;
				USES_XCTRUNNER = YES;
			};
			name = Debug;
		};
		944130B61C4C785C002768EA /* Release */ = {
			isa = XCBuildConfiguration;
			buildSettings = {
				INFOPLIST_FILE = personalProjectUITests/Info.plist;
				LD_RUNPATH_SEARCH_PATHS = "$(inherited) @executable_path/Frameworks @loader_path/Frameworks";
				PRODUCT_BUNDLE_IDENTIFIER = com.unnoo.demo.personalProjectUITests;
				PRODUCT_NAME = "$(TARGET_NAME)";
				TEST_TARGET_NAME = personalProject;
				USES_XCTRUNNER = YES;
			};
			name = Release;
		};
/* End XCBuildConfiguration section */

/* Begin XCConfigurationList section */
		9441307C1C4C785C002768EA /* Build configuration list for PBXProject "personalProject" */ = {
			isa = XCConfigurationList;
			buildConfigurations = (
				944130AC1C4C785C002768EA /* Debug */,
				944130AD1C4C785C002768EA /* Release */,
			);
			defaultConfigurationIsVisible = 0;
			defaultConfigurationName = Release;
		};
		944130AE1C4C785C002768EA /* Build configuration list for PBXNativeTarget "personalProject" */ = {
			isa = XCConfigurationList;
			buildConfigurations = (
				944130AF1C4C785C002768EA /* Debug */,
				944130B01C4C785C002768EA /* Release */,
			);
			defaultConfigurationIsVisible = 0;
			defaultConfigurationName = Release;
		};
		944130B11C4C785C002768EA /* Build configuration list for PBXNativeTarget "personalProjectTests" */ = {
			isa = XCConfigurationList;
			buildConfigurations = (
				944130B21C4C785C002768EA /* Debug */,
				944130B31C4C785C002768EA /* Release */,
			);
			defaultConfigurationIsVisible = 0;
			defaultConfigurationName = Release;
		};
		944130B41C4C785C002768EA /* Build configuration list for PBXNativeTarget "personalProjectUITests" */ = {
			isa = XCConfigurationList;
			buildConfigurations = (
				944130B51C4C785C002768EA /* Debug */,
				944130B61C4C785C002768EA /* Release */,
			);
			defaultConfigurationIsVisible = 0;
			defaultConfigurationName = Release;
		};
/* End XCConfigurationList section */
	};
	rootObject = 944130791C4C785C002768EA /* Project object */;
}
